// !$*UTF8*$!
{
	archiveVersion = 1;
	classes = {
	};
	objectVersion = 52;
	objects = {

/* Begin PBXBuildFile section */
		4103D4016096F7D53B6CFD89 /* Pods_Flixster_Codepath_Flixster_CodepathUITests.framework in Frameworks */ = {isa = PBXBuildFile; fileRef = A187E8B898BB321F591D02C5 /* Pods_Flixster_Codepath_Flixster_CodepathUITests.framework */; };
		485041F626FD6487009498E4 /* AppDelegate.swift in Sources */ = {isa = PBXBuildFile; fileRef = 485041F526FD6487009498E4 /* AppDelegate.swift */; };
		485041F826FD6487009498E4 /* SceneDelegate.swift in Sources */ = {isa = PBXBuildFile; fileRef = 485041F726FD6487009498E4 /* SceneDelegate.swift */; };
		485041FA26FD6487009498E4 /* MoviesViewController.swift in Sources */ = {isa = PBXBuildFile; fileRef = 485041F926FD6487009498E4 /* MoviesViewController.swift */; };
		485041FD26FD6487009498E4 /* Main.storyboard in Resources */ = {isa = PBXBuildFile; fileRef = 485041FB26FD6487009498E4 /* Main.storyboard */; };
		485041FF26FD6488009498E4 /* Assets.xcassets in Resources */ = {isa = PBXBuildFile; fileRef = 485041FE26FD6488009498E4 /* Assets.xcassets */; };
		4850420226FD6488009498E4 /* LaunchScreen.storyboard in Resources */ = {isa = PBXBuildFile; fileRef = 4850420026FD6488009498E4 /* LaunchScreen.storyboard */; };
		4850420D26FD6488009498E4 /* Flixster_CodepathTests.swift in Sources */ = {isa = PBXBuildFile; fileRef = 4850420C26FD6488009498E4 /* Flixster_CodepathTests.swift */; };
		4850421826FD6488009498E4 /* Flixster_CodepathUITests.swift in Sources */ = {isa = PBXBuildFile; fileRef = 4850421726FD6488009498E4 /* Flixster_CodepathUITests.swift */; };
		48783C0626FEB5EF00263C61 /* AlamofireImage in Frameworks */ = {isa = PBXBuildFile; productRef = 48783C0526FEB5EF00263C61 /* AlamofireImage */; };
		488FB6BF26FE722F001BF7D3 /* MovieCell.swift in Sources */ = {isa = PBXBuildFile; fileRef = 488FB6BE26FE722F001BF7D3 /* MovieCell.swift */; };
		7AEA39D1522F8689588FCF86 /* Pods_Flixster_CodepathTests.framework in Frameworks */ = {isa = PBXBuildFile; fileRef = 65D8DAA56311567CFB46A450 /* Pods_Flixster_CodepathTests.framework */; };
		ED7357C4B3CA825BA92C65D3 /* Pods_Flixster_Codepath.framework in Frameworks */ = {isa = PBXBuildFile; fileRef = 0E0C3FFA58353AA039C34269 /* Pods_Flixster_Codepath.framework */; };
/* End PBXBuildFile section */

/* Begin PBXContainerItemProxy section */
		4850420926FD6488009498E4 /* PBXContainerItemProxy */ = {
			isa = PBXContainerItemProxy;
			containerPortal = 485041EA26FD6487009498E4 /* Project object */;
			proxyType = 1;
			remoteGlobalIDString = 485041F126FD6487009498E4;
			remoteInfo = Flixster_Codepath;
		};
		4850421426FD6488009498E4 /* PBXContainerItemProxy */ = {
			isa = PBXContainerItemProxy;
			containerPortal = 485041EA26FD6487009498E4 /* Project object */;
			proxyType = 1;
			remoteGlobalIDString = 485041F126FD6487009498E4;
			remoteInfo = Flixster_Codepath;
		};
/* End PBXContainerItemProxy section */

/* Begin PBXFileReference section */
		0E0C3FFA58353AA039C34269 /* Pods_Flixster_Codepath.framework */ = {isa = PBXFileReference; explicitFileType = wrapper.framework; includeInIndex = 0; path = Pods_Flixster_Codepath.framework; sourceTree = BUILT_PRODUCTS_DIR; };
		2CD588F69ED3FA2701087224 /* Pods-Flixster_Codepath.debug.xcconfig */ = {isa = PBXFileReference; includeInIndex = 1; lastKnownFileType = text.xcconfig; name = "Pods-Flixster_Codepath.debug.xcconfig"; path = "Target Support Files/Pods-Flixster_Codepath/Pods-Flixster_Codepath.debug.xcconfig"; sourceTree = "<group>"; };
		485041F226FD6487009498E4 /* Flixster_Codepath.app */ = {isa = PBXFileReference; explicitFileType = wrapper.application; includeInIndex = 0; path = Flixster_Codepath.app; sourceTree = BUILT_PRODUCTS_DIR; };
		485041F526FD6487009498E4 /* AppDelegate.swift */ = {isa = PBXFileReference; lastKnownFileType = sourcecode.swift; path = AppDelegate.swift; sourceTree = "<group>"; };
		485041F726FD6487009498E4 /* SceneDelegate.swift */ = {isa = PBXFileReference; lastKnownFileType = sourcecode.swift; path = SceneDelegate.swift; sourceTree = "<group>"; };
		485041F926FD6487009498E4 /* MoviesViewController.swift */ = {isa = PBXFileReference; lastKnownFileType = sourcecode.swift; path = MoviesViewController.swift; sourceTree = "<group>"; };
		485041FC26FD6487009498E4 /* Base */ = {isa = PBXFileReference; lastKnownFileType = file.storyboard; name = Base; path = Base.lproj/Main.storyboard; sourceTree = "<group>"; };
		485041FE26FD6488009498E4 /* Assets.xcassets */ = {isa = PBXFileReference; lastKnownFileType = folder.assetcatalog; path = Assets.xcassets; sourceTree = "<group>"; };
		4850420126FD6488009498E4 /* Base */ = {isa = PBXFileReference; lastKnownFileType = file.storyboard; name = Base; path = Base.lproj/LaunchScreen.storyboard; sourceTree = "<group>"; };
		4850420326FD6488009498E4 /* Info.plist */ = {isa = PBXFileReference; lastKnownFileType = text.plist.xml; path = Info.plist; sourceTree = "<group>"; };
		4850420826FD6488009498E4 /* Flixster_CodepathTests.xctest */ = {isa = PBXFileReference; explicitFileType = wrapper.cfbundle; includeInIndex = 0; path = Flixster_CodepathTests.xctest; sourceTree = BUILT_PRODUCTS_DIR; };
		4850420C26FD6488009498E4 /* Flixster_CodepathTests.swift */ = {isa = PBXFileReference; lastKnownFileType = sourcecode.swift; path = Flixster_CodepathTests.swift; sourceTree = "<group>"; };
		4850420E26FD6488009498E4 /* Info.plist */ = {isa = PBXFileReference; lastKnownFileType = text.plist.xml; path = Info.plist; sourceTree = "<group>"; };
		4850421326FD6488009498E4 /* Flixster_CodepathUITests.xctest */ = {isa = PBXFileReference; explicitFileType = wrapper.cfbundle; includeInIndex = 0; path = Flixster_CodepathUITests.xctest; sourceTree = BUILT_PRODUCTS_DIR; };
		4850421726FD6488009498E4 /* Flixster_CodepathUITests.swift */ = {isa = PBXFileReference; lastKnownFileType = sourcecode.swift; path = Flixster_CodepathUITests.swift; sourceTree = "<group>"; };
		4850421926FD6488009498E4 /* Info.plist */ = {isa = PBXFileReference; lastKnownFileType = text.plist.xml; path = Info.plist; sourceTree = "<group>"; };
		488FB6BE26FE722F001BF7D3 /* MovieCell.swift */ = {isa = PBXFileReference; lastKnownFileType = sourcecode.swift; path = MovieCell.swift; sourceTree = "<group>"; };
		65D8DAA56311567CFB46A450 /* Pods_Flixster_CodepathTests.framework */ = {isa = PBXFileReference; explicitFileType = wrapper.framework; includeInIndex = 0; path = Pods_Flixster_CodepathTests.framework; sourceTree = BUILT_PRODUCTS_DIR; };
		83D4F9B89F8542735247E175 /* Pods-Flixster_CodepathTests.release.xcconfig */ = {isa = PBXFileReference; includeInIndex = 1; lastKnownFileType = text.xcconfig; name = "Pods-Flixster_CodepathTests.release.xcconfig"; path = "Target Support Files/Pods-Flixster_CodepathTests/Pods-Flixster_CodepathTests.release.xcconfig"; sourceTree = "<group>"; };
		87FBF84A189E37E0702BAC5F /* Pods-Flixster_Codepath.release.xcconfig */ = {isa = PBXFileReference; includeInIndex = 1; lastKnownFileType = text.xcconfig; name = "Pods-Flixster_Codepath.release.xcconfig"; path = "Target Support Files/Pods-Flixster_Codepath/Pods-Flixster_Codepath.release.xcconfig"; sourceTree = "<group>"; };
		A0FEF91A1CDC7E3FEF3E5C18 /* Pods-Flixster_Codepath-Flixster_CodepathUITests.release.xcconfig */ = {isa = PBXFileReference; includeInIndex = 1; lastKnownFileType = text.xcconfig; name = "Pods-Flixster_Codepath-Flixster_CodepathUITests.release.xcconfig"; path = "Target Support Files/Pods-Flixster_Codepath-Flixster_CodepathUITests/Pods-Flixster_Codepath-Flixster_CodepathUITests.release.xcconfig"; sourceTree = "<group>"; };
		A187E8B898BB321F591D02C5 /* Pods_Flixster_Codepath_Flixster_CodepathUITests.framework */ = {isa = PBXFileReference; explicitFileType = wrapper.framework; includeInIndex = 0; path = Pods_Flixster_Codepath_Flixster_CodepathUITests.framework; sourceTree = BUILT_PRODUCTS_DIR; };
		A57D9ACB010CD85AD939FD1C /* Pods-Flixster_Codepath-Flixster_CodepathUITests.debug.xcconfig */ = {isa = PBXFileReference; includeInIndex = 1; lastKnownFileType = text.xcconfig; name = "Pods-Flixster_Codepath-Flixster_CodepathUITests.debug.xcconfig"; path = "Target Support Files/Pods-Flixster_Codepath-Flixster_CodepathUITests/Pods-Flixster_Codepath-Flixster_CodepathUITests.debug.xcconfig"; sourceTree = "<group>"; };
		FF11A00E9330C525A572CA5D /* Pods-Flixster_CodepathTests.debug.xcconfig */ = {isa = PBXFileReference; includeInIndex = 1; lastKnownFileType = text.xcconfig; name = "Pods-Flixster_CodepathTests.debug.xcconfig"; path = "Target Support Files/Pods-Flixster_CodepathTests/Pods-Flixster_CodepathTests.debug.xcconfig"; sourceTree = "<group>"; };
/* End PBXFileReference section */

/* Begin PBXFrameworksBuildPhase section */
		485041EF26FD6487009498E4 /* Frameworks */ = {
			isa = PBXFrameworksBuildPhase;
			buildActionMask = 2147483647;
			files = (
				48783C0626FEB5EF00263C61 /* AlamofireImage in Frameworks */,
				ED7357C4B3CA825BA92C65D3 /* Pods_Flixster_Codepath.framework in Frameworks */,
			);
			runOnlyForDeploymentPostprocessing = 0;
		};
		4850420526FD6488009498E4 /* Frameworks */ = {
			isa = PBXFrameworksBuildPhase;
			buildActionMask = 2147483647;
			files = (
				7AEA39D1522F8689588FCF86 /* Pods_Flixster_CodepathTests.framework in Frameworks */,
			);
			runOnlyForDeploymentPostprocessing = 0;
		};
		4850421026FD6488009498E4 /* Frameworks */ = {
			isa = PBXFrameworksBuildPhase;
			buildActionMask = 2147483647;
			files = (
				4103D4016096F7D53B6CFD89 /* Pods_Flixster_Codepath_Flixster_CodepathUITests.framework in Frameworks */,
			);
			runOnlyForDeploymentPostprocessing = 0;
		};
/* End PBXFrameworksBuildPhase section */

/* Begin PBXGroup section */
		189BDC616EF5A37492E1E1B1 /* Pods */ = {
			isa = PBXGroup;
			children = (
				2CD588F69ED3FA2701087224 /* Pods-Flixster_Codepath.debug.xcconfig */,
				87FBF84A189E37E0702BAC5F /* Pods-Flixster_Codepath.release.xcconfig */,
				A57D9ACB010CD85AD939FD1C /* Pods-Flixster_Codepath-Flixster_CodepathUITests.debug.xcconfig */,
				A0FEF91A1CDC7E3FEF3E5C18 /* Pods-Flixster_Codepath-Flixster_CodepathUITests.release.xcconfig */,
				FF11A00E9330C525A572CA5D /* Pods-Flixster_CodepathTests.debug.xcconfig */,
				83D4F9B89F8542735247E175 /* Pods-Flixster_CodepathTests.release.xcconfig */,
			);
			name = Pods;
			path = Pods;
			sourceTree = "<group>";
		};
		485041E926FD6487009498E4 = {
			isa = PBXGroup;
			children = (
				485041F426FD6487009498E4 /* Flixster_Codepath */,
				4850420B26FD6488009498E4 /* Flixster_CodepathTests */,
				4850421626FD6488009498E4 /* Flixster_CodepathUITests */,
				485041F326FD6487009498E4 /* Products */,
				189BDC616EF5A37492E1E1B1 /* Pods */,
				7A5B3F71482F874368BE2FC0 /* Frameworks */,
			);
			sourceTree = "<group>";
		};
		485041F326FD6487009498E4 /* Products */ = {
			isa = PBXGroup;
			children = (
				485041F226FD6487009498E4 /* Flixster_Codepath.app */,
				4850420826FD6488009498E4 /* Flixster_CodepathTests.xctest */,
				4850421326FD6488009498E4 /* Flixster_CodepathUITests.xctest */,
			);
			name = Products;
			sourceTree = "<group>";
		};
		485041F426FD6487009498E4 /* Flixster_Codepath */ = {
			isa = PBXGroup;
			children = (
				488FB6BE26FE722F001BF7D3 /* MovieCell.swift */,
				485041F526FD6487009498E4 /* AppDelegate.swift */,
				485041F726FD6487009498E4 /* SceneDelegate.swift */,
				485041F926FD6487009498E4 /* MoviesViewController.swift */,
				485041FB26FD6487009498E4 /* Main.storyboard */,
				485041FE26FD6488009498E4 /* Assets.xcassets */,
				4850420026FD6488009498E4 /* LaunchScreen.storyboard */,
				4850420326FD6488009498E4 /* Info.plist */,
			);
			path = Flixster_Codepath;
			sourceTree = "<group>";
		};
		4850420B26FD6488009498E4 /* Flixster_CodepathTests */ = {
			isa = PBXGroup;
			children = (
				4850420C26FD6488009498E4 /* Flixster_CodepathTests.swift */,
				4850420E26FD6488009498E4 /* Info.plist */,
			);
			path = Flixster_CodepathTests;
			sourceTree = "<group>";
		};
		4850421626FD6488009498E4 /* Flixster_CodepathUITests */ = {
			isa = PBXGroup;
			children = (
				4850421726FD6488009498E4 /* Flixster_CodepathUITests.swift */,
				4850421926FD6488009498E4 /* Info.plist */,
			);
			path = Flixster_CodepathUITests;
			sourceTree = "<group>";
		};
		7A5B3F71482F874368BE2FC0 /* Frameworks */ = {
			isa = PBXGroup;
			children = (
				0E0C3FFA58353AA039C34269 /* Pods_Flixster_Codepath.framework */,
				A187E8B898BB321F591D02C5 /* Pods_Flixster_Codepath_Flixster_CodepathUITests.framework */,
				65D8DAA56311567CFB46A450 /* Pods_Flixster_CodepathTests.framework */,
			);
			name = Frameworks;
			sourceTree = "<group>";
		};
/* End PBXGroup section */

/* Begin PBXNativeTarget section */
		485041F126FD6487009498E4 /* Flixster_Codepath */ = {
			isa = PBXNativeTarget;
			buildConfigurationList = 4850421C26FD6488009498E4 /* Build configuration list for PBXNativeTarget "Flixster_Codepath" */;
			buildPhases = (
				4A692C5373E1C68B169BB1F8 /* [CP] Check Pods Manifest.lock */,
				485041EE26FD6487009498E4 /* Sources */,
				485041EF26FD6487009498E4 /* Frameworks */,
				485041F026FD6487009498E4 /* Resources */,
				912CEBA3E535CEE2DD107067 /* [CP] Embed Pods Frameworks */,
			);
			buildRules = (
			);
			dependencies = (
			);
			name = Flixster_Codepath;
			packageProductDependencies = (
				48783C0526FEB5EF00263C61 /* AlamofireImage */,
			);
			productName = Flixster_Codepath;
			productReference = 485041F226FD6487009498E4 /* Flixster_Codepath.app */;
			productType = "com.apple.product-type.application";
		};
		4850420726FD6488009498E4 /* Flixster_CodepathTests */ = {
			isa = PBXNativeTarget;
			buildConfigurationList = 4850421F26FD6488009498E4 /* Build configuration list for PBXNativeTarget "Flixster_CodepathTests" */;
			buildPhases = (
				34B199442221A97D0520C189 /* [CP] Check Pods Manifest.lock */,
				4850420426FD6488009498E4 /* Sources */,
				4850420526FD6488009498E4 /* Frameworks */,
				4850420626FD6488009498E4 /* Resources */,
			);
			buildRules = (
			);
			dependencies = (
				4850420A26FD6488009498E4 /* PBXTargetDependency */,
			);
			name = Flixster_CodepathTests;
			productName = Flixster_CodepathTests;
			productReference = 4850420826FD6488009498E4 /* Flixster_CodepathTests.xctest */;
			productType = "com.apple.product-type.bundle.unit-test";
		};
		4850421226FD6488009498E4 /* Flixster_CodepathUITests */ = {
			isa = PBXNativeTarget;
			buildConfigurationList = 4850422226FD6488009498E4 /* Build configuration list for PBXNativeTarget "Flixster_CodepathUITests" */;
			buildPhases = (
				E02C68D7099E7F0F6CA712FC /* [CP] Check Pods Manifest.lock */,
				4850420F26FD6488009498E4 /* Sources */,
				4850421026FD6488009498E4 /* Frameworks */,
				4850421126FD6488009498E4 /* Resources */,
				6A00F9DA3E8153C620564EA0 /* [CP] Embed Pods Frameworks */,
			);
			buildRules = (
			);
			dependencies = (
				4850421526FD6488009498E4 /* PBXTargetDependency */,
			);
			name = Flixster_CodepathUITests;
			productName = Flixster_CodepathUITests;
			productReference = 4850421326FD6488009498E4 /* Flixster_CodepathUITests.xctest */;
			productType = "com.apple.product-type.bundle.ui-testing";
		};
/* End PBXNativeTarget section */

/* Begin PBXProject section */
		485041EA26FD6487009498E4 /* Project object */ = {
			isa = PBXProject;
			attributes = {
				LastSwiftUpdateCheck = 1250;
				LastUpgradeCheck = 1250;
				TargetAttributes = {
					485041F126FD6487009498E4 = {
						CreatedOnToolsVersion = 12.5.1;
					};
					4850420726FD6488009498E4 = {
						CreatedOnToolsVersion = 12.5.1;
						TestTargetID = 485041F126FD6487009498E4;
					};
					4850421226FD6488009498E4 = {
						CreatedOnToolsVersion = 12.5.1;
						TestTargetID = 485041F126FD6487009498E4;
					};
				};
			};
			buildConfigurationList = 485041ED26FD6487009498E4 /* Build configuration list for PBXProject "Flixster_Codepath" */;
			compatibilityVersion = "Xcode 9.3";
			developmentRegion = en;
			hasScannedForEncodings = 0;
			knownRegions = (
				en,
				Base,
			);
			mainGroup = 485041E926FD6487009498E4;
			packageReferences = (
				48783C0426FEB5EF00263C61 /* XCRemoteSwiftPackageReference "AlamofireImage" */,
			);
			productRefGroup = 485041F326FD6487009498E4 /* Products */;
			projectDirPath = "";
			projectRoot = "";
			targets = (
				485041F126FD6487009498E4 /* Flixster_Codepath */,
				4850420726FD6488009498E4 /* Flixster_CodepathTests */,
				4850421226FD6488009498E4 /* Flixster_CodepathUITests */,
			);
		};
/* End PBXProject section */

/* Begin PBXResourcesBuildPhase section */
		485041F026FD6487009498E4 /* Resources */ = {
			isa = PBXResourcesBuildPhase;
			buildActionMask = 2147483647;
			files = (
				4850420226FD6488009498E4 /* LaunchScreen.storyboard in Resources */,
				485041FF26FD6488009498E4 /* Assets.xcassets in Resources */,
				485041FD26FD6487009498E4 /* Main.storyboard in Resources */,
			);
			runOnlyForDeploymentPostprocessing = 0;
		};
		4850420626FD6488009498E4 /* Resources */ = {
			isa = PBXResourcesBuildPhase;
			buildActionMask = 2147483647;
			files = (
			);
			runOnlyForDeploymentPostprocessing = 0;
		};
		4850421126FD6488009498E4 /* Resources */ = {
			isa = PBXResourcesBuildPhase;
			buildActionMask = 2147483647;
			files = (
			);
			runOnlyForDeploymentPostprocessing = 0;
		};
/* End PBXResourcesBuildPhase section */

/* Begin PBXShellScriptBuildPhase section */
		34B199442221A97D0520C189 /* [CP] Check Pods Manifest.lock */ = {
			isa = PBXShellScriptBuildPhase;
			buildActionMask = 2147483647;
			files = (
			);
			inputFileListPaths = (
			);
			inputPaths = (
				"${PODS_PODFILE_DIR_PATH}/Podfile.lock",
				"${PODS_ROOT}/Manifest.lock",
			);
			name = "[CP] Check Pods Manifest.lock";
			outputFileListPaths = (
			);
			outputPaths = (
				"$(DERIVED_FILE_DIR)/Pods-Flixster_CodepathTests-checkManifestLockResult.txt",
			);
			runOnlyForDeploymentPostprocessing = 0;
			shellPath = /bin/sh;
			shellScript = "diff \"${PODS_PODFILE_DIR_PATH}/Podfile.lock\" \"${PODS_ROOT}/Manifest.lock\" > /dev/null\nif [ $? != 0 ] ; then\n    # print error to STDERR\n    echo \"error: The sandbox is not in sync with the Podfile.lock. Run 'pod install' or update your CocoaPods installation.\" >&2\n    exit 1\nfi\n# This output is used by Xcode 'outputs' to avoid re-running this script phase.\necho \"SUCCESS\" > \"${SCRIPT_OUTPUT_FILE_0}\"\n";
			showEnvVarsInLog = 0;
		};
		4A692C5373E1C68B169BB1F8 /* [CP] Check Pods Manifest.lock */ = {
			isa = PBXShellScriptBuildPhase;
			buildActionMask = 2147483647;
			files = (
			);
			inputFileListPaths = (
			);
			inputPaths = (
				"${PODS_PODFILE_DIR_PATH}/Podfile.lock",
				"${PODS_ROOT}/Manifest.lock",
			);
			name = "[CP] Check Pods Manifest.lock";
			outputFileListPaths = (
			);
			outputPaths = (
				"$(DERIVED_FILE_DIR)/Pods-Flixster_Codepath-checkManifestLockResult.txt",
			);
			runOnlyForDeploymentPostprocessing = 0;
			shellPath = /bin/sh;
			shellScript = "diff \"${PODS_PODFILE_DIR_PATH}/Podfile.lock\" \"${PODS_ROOT}/Manifest.lock\" > /dev/null\nif [ $? != 0 ] ; then\n    # print error to STDERR\n    echo \"error: The sandbox is not in sync with the Podfile.lock. Run 'pod install' or update your CocoaPods installation.\" >&2\n    exit 1\nfi\n# This output is used by Xcode 'outputs' to avoid re-running this script phase.\necho \"SUCCESS\" > \"${SCRIPT_OUTPUT_FILE_0}\"\n";
			showEnvVarsInLog = 0;
		};
		6A00F9DA3E8153C620564EA0 /* [CP] Embed Pods Frameworks */ = {
			isa = PBXShellScriptBuildPhase;
			buildActionMask = 2147483647;
			files = (
			);
			inputFileListPaths = (
				"${PODS_ROOT}/Target Support Files/Pods-Flixster_Codepath-Flixster_CodepathUITests/Pods-Flixster_Codepath-Flixster_CodepathUITests-frameworks-${CONFIGURATION}-input-files.xcfilelist",
			);
			name = "[CP] Embed Pods Frameworks";
			outputFileListPaths = (
				"${PODS_ROOT}/Target Support Files/Pods-Flixster_Codepath-Flixster_CodepathUITests/Pods-Flixster_Codepath-Flixster_CodepathUITests-frameworks-${CONFIGURATION}-output-files.xcfilelist",
			);
			runOnlyForDeploymentPostprocessing = 0;
			shellPath = /bin/sh;
			shellScript = "\"${PODS_ROOT}/Target Support Files/Pods-Flixster_Codepath-Flixster_CodepathUITests/Pods-Flixster_Codepath-Flixster_CodepathUITests-frameworks.sh\"\n";
			showEnvVarsInLog = 0;
		};
		912CEBA3E535CEE2DD107067 /* [CP] Embed Pods Frameworks */ = {
			isa = PBXShellScriptBuildPhase;
			buildActionMask = 2147483647;
			files = (
			);
			inputFileListPaths = (
				"${PODS_ROOT}/Target Support Files/Pods-Flixster_Codepath/Pods-Flixster_Codepath-frameworks-${CONFIGURATION}-input-files.xcfilelist",
			);
			name = "[CP] Embed Pods Frameworks";
			outputFileListPaths = (
				"${PODS_ROOT}/Target Support Files/Pods-Flixster_Codepath/Pods-Flixster_Codepath-frameworks-${CONFIGURATION}-output-files.xcfilelist",
			);
			runOnlyForDeploymentPostprocessing = 0;
			shellPath = /bin/sh;
			shellScript = "\"${PODS_ROOT}/Target Support Files/Pods-Flixster_Codepath/Pods-Flixster_Codepath-frameworks.sh\"\n";
			showEnvVarsInLog = 0;
		};
		E02C68D7099E7F0F6CA712FC /* [CP] Check Pods Manifest.lock */ = {
			isa = PBXShellScriptBuildPhase;
			buildActionMask = 2147483647;
			files = (
			);
			inputFileListPaths = (
			);
			inputPaths = (
				"${PODS_PODFILE_DIR_PATH}/Podfile.lock",
				"${PODS_ROOT}/Manifest.lock",
			);
			name = "[CP] Check Pods Manifest.lock";
			outputFileListPaths = (
			);
			outputPaths = (
				"$(DERIVED_FILE_DIR)/Pods-Flixster_Codepath-Flixster_CodepathUITests-checkManifestLockResult.txt",
			);
			runOnlyForDeploymentPostprocessing = 0;
			shellPath = /bin/sh;
			shellScript = "diff \"${PODS_PODFILE_DIR_PATH}/Podfile.lock\" \"${PODS_ROOT}/Manifest.lock\" > /dev/null\nif [ $? != 0 ] ; then\n    # print error to STDERR\n    echo \"error: The sandbox is not in sync with the Podfile.lock. Run 'pod install' or update your CocoaPods installation.\" >&2\n    exit 1\nfi\n# This output is used by Xcode 'outputs' to avoid re-running this script phase.\necho \"SUCCESS\" > \"${SCRIPT_OUTPUT_FILE_0}\"\n";
			showEnvVarsInLog = 0;
		};
/* End PBXShellScriptBuildPhase section */

/* Begin PBXSourcesBuildPhase section */
		485041EE26FD6487009498E4 /* Sources */ = {
			isa = PBXSourcesBuildPhase;
			buildActionMask = 2147483647;
			files = (
				485041FA26FD6487009498E4 /* MoviesViewController.swift in Sources */,
				485041F626FD6487009498E4 /* AppDelegate.swift in Sources */,
				488FB6BF26FE722F001BF7D3 /* MovieCell.swift in Sources */,
				485041F826FD6487009498E4 /* SceneDelegate.swift in Sources */,
			);
			runOnlyForDeploymentPostprocessing = 0;
		};
		4850420426FD6488009498E4 /* Sources */ = {
			isa = PBXSourcesBuildPhase;
			buildActionMask = 2147483647;
			files = (
				4850420D26FD6488009498E4 /* Flixster_CodepathTests.swift in Sources */,
			);
			runOnlyForDeploymentPostprocessing = 0;
		};
		4850420F26FD6488009498E4 /* Sources */ = {
			isa = PBXSourcesBuildPhase;
			buildActionMask = 2147483647;
			files = (
				4850421826FD6488009498E4 /* Flixster_CodepathUITests.swift in Sources */,
			);
			runOnlyForDeploymentPostprocessing = 0;
		};
/* End PBXSourcesBuildPhase section */

/* Begin PBXTargetDependency section */
		4850420A26FD6488009498E4 /* PBXTargetDependency */ = {
			isa = PBXTargetDependency;
			target = 485041F126FD6487009498E4 /* Flixster_Codepath */;
			targetProxy = 4850420926FD6488009498E4 /* PBXContainerItemProxy */;
		};
		4850421526FD6488009498E4 /* PBXTargetDependency */ = {
			isa = PBXTargetDependency;
			target = 485041F126FD6487009498E4 /* Flixster_Codepath */;
			targetProxy = 4850421426FD6488009498E4 /* PBXContainerItemProxy */;
		};
/* End PBXTargetDependency section */

/* Begin PBXVariantGroup section */
		485041FB26FD6487009498E4 /* Main.storyboard */ = {
			isa = PBXVariantGroup;
			children = (
				485041FC26FD6487009498E4 /* Base */,
			);
			name = Main.storyboard;
			sourceTree = "<group>";
		};
		4850420026FD6488009498E4 /* LaunchScreen.storyboard */ = {
			isa = PBXVariantGroup;
			children = (
				4850420126FD6488009498E4 /* Base */,
			);
			name = LaunchScreen.storyboard;
			sourceTree = "<group>";
		};
/* End PBXVariantGroup section */

/* Begin XCBuildConfiguration section */
		4850421A26FD6488009498E4 /* Debug */ = {
			isa = XCBuildConfiguration;
			buildSettings = {
				ALWAYS_SEARCH_USER_PATHS = NO;
				CLANG_ANALYZER_NONNULL = YES;
				CLANG_ANALYZER_NUMBER_OBJECT_CONVERSION = YES_AGGRESSIVE;
				CLANG_CXX_LANGUAGE_STANDARD = "gnu++14";
				CLANG_CXX_LIBRARY = "libc++";
				CLANG_ENABLE_MODULES = YES;
				CLANG_ENABLE_OBJC_ARC = YES;
				CLANG_ENABLE_OBJC_WEAK = YES;
				CLANG_WARN_BLOCK_CAPTURE_AUTORELEASING = YES;
				CLANG_WARN_BOOL_CONVERSION = YES;
				CLANG_WARN_COMMA = YES;
				CLANG_WARN_CONSTANT_CONVERSION = YES;
				CLANG_WARN_DEPRECATED_OBJC_IMPLEMENTATIONS = YES;
				CLANG_WARN_DIRECT_OBJC_ISA_USAGE = YES_ERROR;
				CLANG_WARN_DOCUMENTATION_COMMENTS = YES;
				CLANG_WARN_EMPTY_BODY = YES;
				CLANG_WARN_ENUM_CONVERSION = YES;
				CLANG_WARN_INFINITE_RECURSION = YES;
				CLANG_WARN_INT_CONVERSION = YES;
				CLANG_WARN_NON_LITERAL_NULL_CONVERSION = YES;
				CLANG_WARN_OBJC_IMPLICIT_RETAIN_SELF = YES;
				CLANG_WARN_OBJC_LITERAL_CONVERSION = YES;
				CLANG_WARN_OBJC_ROOT_CLASS = YES_ERROR;
				CLANG_WARN_QUOTED_INCLUDE_IN_FRAMEWORK_HEADER = YES;
				CLANG_WARN_RANGE_LOOP_ANALYSIS = YES;
				CLANG_WARN_STRICT_PROTOTYPES = YES;
				CLANG_WARN_SUSPICIOUS_MOVE = YES;
				CLANG_WARN_UNGUARDED_AVAILABILITY = YES_AGGRESSIVE;
				CLANG_WARN_UNREACHABLE_CODE = YES;
				CLANG_WARN__DUPLICATE_METHOD_MATCH = YES;
				COPY_PHASE_STRIP = NO;
				DEBUG_INFORMATION_FORMAT = dwarf;
				ENABLE_STRICT_OBJC_MSGSEND = YES;
				ENABLE_TESTABILITY = YES;
				GCC_C_LANGUAGE_STANDARD = gnu11;
				GCC_DYNAMIC_NO_PIC = NO;
				GCC_NO_COMMON_BLOCKS = YES;
				GCC_OPTIMIZATION_LEVEL = 0;
				GCC_PREPROCESSOR_DEFINITIONS = (
					"DEBUG=1",
					"$(inherited)",
				);
				GCC_WARN_64_TO_32_BIT_CONVERSION = YES;
				GCC_WARN_ABOUT_RETURN_TYPE = YES_ERROR;
				GCC_WARN_UNDECLARED_SELECTOR = YES;
				GCC_WARN_UNINITIALIZED_AUTOS = YES_AGGRESSIVE;
				GCC_WARN_UNUSED_FUNCTION = YES;
				GCC_WARN_UNUSED_VARIABLE = YES;
				IPHONEOS_DEPLOYMENT_TARGET = 14.5;
				MTL_ENABLE_DEBUG_INFO = INCLUDE_SOURCE;
				MTL_FAST_MATH = YES;
				ONLY_ACTIVE_ARCH = YES;
				SDKROOT = iphoneos;
				SWIFT_ACTIVE_COMPILATION_CONDITIONS = DEBUG;
				SWIFT_OPTIMIZATION_LEVEL = "-Onone";
			};
			name = Debug;
		};
		4850421B26FD6488009498E4 /* Release */ = {
			isa = XCBuildConfiguration;
			buildSettings = {
				ALWAYS_SEARCH_USER_PATHS = NO;
				CLANG_ANALYZER_NONNULL = YES;
				CLANG_ANALYZER_NUMBER_OBJECT_CONVERSION = YES_AGGRESSIVE;
				CLANG_CXX_LANGUAGE_STANDARD = "gnu++14";
				CLANG_CXX_LIBRARY = "libc++";
				CLANG_ENABLE_MODULES = YES;
				CLANG_ENABLE_OBJC_ARC = YES;
				CLANG_ENABLE_OBJC_WEAK = YES;
				CLANG_WARN_BLOCK_CAPTURE_AUTORELEASING = YES;
				CLANG_WARN_BOOL_CONVERSION = YES;
				CLANG_WARN_COMMA = YES;
				CLANG_WARN_CONSTANT_CONVERSION = YES;
				CLANG_WARN_DEPRECATED_OBJC_IMPLEMENTATIONS = YES;
				CLANG_WARN_DIRECT_OBJC_ISA_USAGE = YES_ERROR;
				CLANG_WARN_DOCUMENTATION_COMMENTS = YES;
				CLANG_WARN_EMPTY_BODY = YES;
				CLANG_WARN_ENUM_CONVERSION = YES;
				CLANG_WARN_INFINITE_RECURSION = YES;
				CLANG_WARN_INT_CONVERSION = YES;
				CLANG_WARN_NON_LITERAL_NULL_CONVERSION = YES;
				CLANG_WARN_OBJC_IMPLICIT_RETAIN_SELF = YES;
				CLANG_WARN_OBJC_LITERAL_CONVERSION = YES;
				CLANG_WARN_OBJC_ROOT_CLASS = YES_ERROR;
				CLANG_WARN_QUOTED_INCLUDE_IN_FRAMEWORK_HEADER = YES;
				CLANG_WARN_RANGE_LOOP_ANALYSIS = YES;
				CLANG_WARN_STRICT_PROTOTYPES = YES;
				CLANG_WARN_SUSPICIOUS_MOVE = YES;
				CLANG_WARN_UNGUARDED_AVAILABILITY = YES_AGGRESSIVE;
				CLANG_WARN_UNREACHABLE_CODE = YES;
				CLANG_WARN__DUPLICATE_METHOD_MATCH = YES;
				COPY_PHASE_STRIP = NO;
				DEBUG_INFORMATION_FORMAT = "dwarf-with-dsym";
				ENABLE_NS_ASSERTIONS = NO;
				ENABLE_STRICT_OBJC_MSGSEND = YES;
				GCC_C_LANGUAGE_STANDARD = gnu11;
				GCC_NO_COMMON_BLOCKS = YES;
				GCC_WARN_64_TO_32_BIT_CONVERSION = YES;
				GCC_WARN_ABOUT_RETURN_TYPE = YES_ERROR;
				GCC_WARN_UNDECLARED_SELECTOR = YES;
				GCC_WARN_UNINITIALIZED_AUTOS = YES_AGGRESSIVE;
				GCC_WARN_UNUSED_FUNCTION = YES;
				GCC_WARN_UNUSED_VARIABLE = YES;
				IPHONEOS_DEPLOYMENT_TARGET = 14.5;
				MTL_ENABLE_DEBUG_INFO = NO;
				MTL_FAST_MATH = YES;
				SDKROOT = iphoneos;
				SWIFT_COMPILATION_MODE = wholemodule;
				SWIFT_OPTIMIZATION_LEVEL = "-O";
				VALIDATE_PRODUCT = YES;
			};
			name = Release;
		};
		4850421D26FD6488009498E4 /* Debug */ = {
			isa = XCBuildConfiguration;
			baseConfigurationReference = 2CD588F69ED3FA2701087224 /* Pods-Flixster_Codepath.debug.xcconfig */;
			buildSettings = {
				ASSETCATALOG_COMPILER_APPICON_NAME = AppIcon;
				ASSETCATALOG_COMPILER_GLOBAL_ACCENT_COLOR_NAME = AccentColor;
				CODE_SIGN_STYLE = Automatic;
				DEVELOPMENT_TEAM = T8N9V63KLX;
				INFOPLIST_FILE = Flixster_Codepath/Info.plist;
				LD_RUNPATH_SEARCH_PATHS = (
					"$(inherited)",
					"@executable_path/Frameworks",
				);
				PRODUCT_BUNDLE_IDENTIFIER = "tajwarsunan.Flixster-Codepath";
				PRODUCT_NAME = "$(TARGET_NAME)";
				SWIFT_VERSION = 5.0;
				TARGETED_DEVICE_FAMILY = "1,2";
			};
			name = Debug;
		};
		4850421E26FD6488009498E4 /* Release */ = {
			isa = XCBuildConfiguration;
			baseConfigurationReference = 87FBF84A189E37E0702BAC5F /* Pods-Flixster_Codepath.release.xcconfig */;
			buildSettings = {
				ASSETCATALOG_COMPILER_APPICON_NAME = AppIcon;
				ASSETCATALOG_COMPILER_GLOBAL_ACCENT_COLOR_NAME = AccentColor;
				CODE_SIGN_STYLE = Automatic;
				DEVELOPMENT_TEAM = T8N9V63KLX;
				INFOPLIST_FILE = Flixster_Codepath/Info.plist;
				LD_RUNPATH_SEARCH_PATHS = (
					"$(inherited)",
					"@executable_path/Frameworks",
				);
				PRODUCT_BUNDLE_IDENTIFIER = "tajwarsunan.Flixster-Codepath";
				PRODUCT_NAME = "$(TARGET_NAME)";
				SWIFT_VERSION = 5.0;
				TARGETED_DEVICE_FAMILY = "1,2";
			};
			name = Release;
		};
		4850422026FD6488009498E4 /* Debug */ = {
			isa = XCBuildConfiguration;
			baseConfigurationReference = FF11A00E9330C525A572CA5D /* Pods-Flixster_CodepathTests.debug.xcconfig */;
			buildSettings = {
				ALWAYS_EMBED_SWIFT_STANDARD_LIBRARIES = YES;
				BUNDLE_LOADER = "$(TEST_HOST)";
				CODE_SIGN_STYLE = Automatic;
				DEVELOPMENT_TEAM = T8N9V63KLX;
				INFOPLIST_FILE = Flixster_CodepathTests/Info.plist;
				IPHONEOS_DEPLOYMENT_TARGET = 14.5;
				LD_RUNPATH_SEARCH_PATHS = (
					"$(inherited)",
					"@executable_path/Frameworks",
					"@loader_path/Frameworks",
				);
				PRODUCT_BUNDLE_IDENTIFIER = "tajwarsunan.Flixster-CodepathTests";
				PRODUCT_NAME = "$(TARGET_NAME)";
				SWIFT_VERSION = 5.0;
				TARGETED_DEVICE_FAMILY = "1,2";
				TEST_HOST = "$(BUILT_PRODUCTS_DIR)/Flixster_Codepath.app/Flixster_Codepath";
			};
			name = Debug;
		};
		4850422126FD6488009498E4 /* Release */ = {
			isa = XCBuildConfiguration;
			baseConfigurationReference = 83D4F9B89F8542735247E175 /* Pods-Flixster_CodepathTests.release.xcconfig */;
			buildSettings = {
				ALWAYS_EMBED_SWIFT_STANDARD_LIBRARIES = YES;
				BUNDLE_LOADER = "$(TEST_HOST)";
				CODE_SIGN_STYLE = Automatic;
				DEVELOPMENT_TEAM = T8N9V63KLX;
				INFOPLIST_FILE = Flixster_CodepathTests/Info.plist;
				IPHONEOS_DEPLOYMENT_TARGET = 14.5;
				LD_RUNPATH_SEARCH_PATHS = (
					"$(inherited)",
					"@executable_path/Frameworks",
					"@loader_path/Frameworks",
				);
				PRODUCT_BUNDLE_IDENTIFIER = "tajwarsunan.Flixster-CodepathTests";
				PRODUCT_NAME = "$(TARGET_NAME)";
				SWIFT_VERSION = 5.0;
				TARGETED_DEVICE_FAMILY = "1,2";
				TEST_HOST = "$(BUILT_PRODUCTS_DIR)/Flixster_Codepath.app/Flixster_Codepath";
			};
			name = Release;
		};
		4850422326FD6488009498E4 /* Debug */ = {
			isa = XCBuildConfiguration;
			baseConfigurationReference = A57D9ACB010CD85AD939FD1C /* Pods-Flixster_Codepath-Flixster_CodepathUITests.debug.xcconfig */;
			buildSettings = {
				ALWAYS_EMBED_SWIFT_STANDARD_LIBRARIES = YES;
				CODE_SIGN_STYLE = Automatic;
				DEVELOPMENT_TEAM = T8N9V63KLX;
				INFOPLIST_FILE = Flixster_CodepathUITests/Info.plist;
				LD_RUNPATH_SEARCH_PATHS = (
					"$(inherited)",
					"@executable_path/Frameworks",
					"@loader_path/Frameworks",
				);
				PRODUCT_BUNDLE_IDENTIFIER = "tajwarsunan.Flixster-CodepathUITests";
				PRODUCT_NAME = "$(TARGET_NAME)";
				SWIFT_VERSION = 5.0;
				TARGETED_DEVICE_FAMILY = "1,2";
				TEST_TARGET_NAME = Flixster_Codepath;
			};
			name = Debug;
		};
		4850422426FD6488009498E4 /* Release */ = {
			isa = XCBuildConfiguration;
			baseConfigurationReference = A0FEF91A1CDC7E3FEF3E5C18 /* Pods-Flixster_Codepath-Flixster_CodepathUITests.release.xcconfig */;
			buildSettings = {
				ALWAYS_EMBED_SWIFT_STANDARD_LIBRARIES = YES;
				CODE_SIGN_STYLE = Automatic;
				DEVELOPMENT_TEAM = T8N9V63KLX;
				INFOPLIST_FILE = Flixster_CodepathUITests/Info.plist;
				LD_RUNPATH_SEARCH_PATHS = (
					"$(inherited)",
					"@executable_path/Frameworks",
					"@loader_path/Frameworks",
				);
				PRODUCT_BUNDLE_IDENTIFIER = "tajwarsunan.Flixster-CodepathUITests";
				PRODUCT_NAME = "$(TARGET_NAME)";
				SWIFT_VERSION = 5.0;
				TARGETED_DEVICE_FAMILY = "1,2";
				TEST_TARGET_NAME = Flixster_Codepath;
			};
			name = Release;
		};
/* End XCBuildConfiguration section */

/* Begin XCConfigurationList section */
		485041ED26FD6487009498E4 /* Build configuration list for PBXProject "Flixster_Codepath" */ = {
			isa = XCConfigurationList;
			buildConfigurations = (
				4850421A26FD6488009498E4 /* Debug */,
				4850421B26FD6488009498E4 /* Release */,
			);
			defaultConfigurationIsVisible = 0;
			defaultConfigurationName = Release;
		};
		4850421C26FD6488009498E4 /* Build configuration list for PBXNativeTarget "Flixster_Codepath" */ = {
			isa = XCConfigurationList;
			buildConfigurations = (
				4850421D26FD6488009498E4 /* Debug */,
				4850421E26FD6488009498E4 /* Release */,
			);
			defaultConfigurationIsVisible = 0;
			defaultConfigurationName = Release;
		};
		4850421F26FD6488009498E4 /* Build configuration list for PBXNativeTarget "Flixster_CodepathTests" */ = {
			isa = XCConfigurationList;
			buildConfigurations = (
				4850422026FD6488009498E4 /* Debug */,
				4850422126FD6488009498E4 /* Release */,
			);
			defaultConfigurationIsVisible = 0;
			defaultConfigurationName = Release;
		};
		4850422226FD6488009498E4 /* Build configuration list for PBXNativeTarget "Flixster_CodepathUITests" */ = {
			isa = XCConfigurationList;
			buildConfigurations = (
				4850422326FD6488009498E4 /* Debug */,
				4850422426FD6488009498E4 /* Release */,
			);
			defaultConfigurationIsVisible = 0;
			defaultConfigurationName = Release;
		};
/* End XCConfigurationList section */

/* Begin XCRemoteSwiftPackageReference section */
		48783C0426FEB5EF00263C61 /* XCRemoteSwiftPackageReference "AlamofireImage" */ = {
			isa = XCRemoteSwiftPackageReference;
			repositoryURL = "https://github.com/Alamofire/AlamofireImage";
			requirement = {
				kind = upToNextMajorVersion;
				minimumVersion = 4.2.0;
			};
		};
/* End XCRemoteSwiftPackageReference section */

/* Begin XCSwiftPackageProductDependency section */
		48783C0526FEB5EF00263C61 /* AlamofireImage */ = {
			isa = XCSwiftPackageProductDependency;
			package = 48783C0426FEB5EF00263C61 /* XCRemoteSwiftPackageReference "AlamofireImage" */;
			productName = AlamofireImage;
		};
/* End XCSwiftPackageProductDependency section */
	};
	rootObject = 485041EA26FD6487009498E4 /* Project object */;
}
